
Microsoft Visual Studio Solution File, Format Version 12.00
# Visual Studio Version 16
VisualStudioVersion = 16.0.32106.194
MinimumVisualStudioVersion = 10.0.40219.1
Project("{2150E333-8FDC-42A3-9474-1A3956D46DE8}") = "ShopManagment", "ShopManagment", "{3A51B11E-7E24-4B46-ADA1-1A588D261E2D}"
EndProject
Project("{2150E333-8FDC-42A3-9474-1A3956D46DE8}") = "SM.Domain", "SM.Domain", "{CE5F7027-D503-4A49-8E47-FBEB5F6647F5}"
EndProject
Project("{2150E333-8FDC-42A3-9474-1A3956D46DE8}") = "SM.Application", "SM.Application", "{020201D1-6B06-4F9C-8A10-C706A396F5FC}"
EndProject
Project("{9A19103F-16F7-4668-BE54-9A1E7A4F7556}") = "0_FramBase", "0_FramBase\0_FramBase.csproj", "{CBBA6A2E-813A-44B5-9076-58ABC3A82C81}"
EndProject
Project("{9A19103F-16F7-4668-BE54-9A1E7A4F7556}") = "ShopManagment.Domain", "ShopManagment.Domain\ShopManagment.Domain.csproj", "{5A598A54-D169-4D18-AC88-6C99A1C775DF}"
EndProject
Project("{9A19103F-16F7-4668-BE54-9A1E7A4F7556}") = "ShopManagmentAplication.Contracts", "ShopManagmentAplication.Contracts\ShopManagmentAplication.Contracts.csproj", "{078EF1AB-A4F1-48F4-9C2F-8BCAC577A168}"
EndProject
Project("{9A19103F-16F7-4668-BE54-9A1E7A4F7556}") = "ShopManagment.Aplication", "ShopManagment.Aplication\ShopManagment.Aplication.csproj", "{4D64CF1B-7A93-453F-AFE0-0ED092A0106C}"
EndProject
Project("{2150E333-8FDC-42A3-9474-1A3956D46DE8}") = "SM.Infrastructure", "SM.Infrastructure", "{68003FA3-53CF-4E61-A182-3B20B8960C45}"
EndProject
Project("{9A19103F-16F7-4668-BE54-9A1E7A4F7556}") = "ShopManagment.Infrastructure.efCore", "ShopManagment.Infrastructure.efCore\ShopManagment.Infrastructure.efCore.csproj", "{822F347E-4512-4A1E-ADB6-2B9D5B22D4AA}"
EndProject
Project("{9A19103F-16F7-4668-BE54-9A1E7A4F7556}") = "ShopManagment.Configuration", "ShopManagment.Configuration\ShopManagment.Configuration.csproj", "{3FD38D56-C5D0-4254-AF03-FAA612A90948}"
EndProject
Project("{9A19103F-16F7-4668-BE54-9A1E7A4F7556}") = "ServiseHost", "ServiseHost\ServiseHost.csproj", "{72A692A0-FF92-4494-AA07-9FBC337A6FE5}"
EndProject
Project("{9A19103F-16F7-4668-BE54-9A1E7A4F7556}") = "01_LampshadeQuery", "01_LampshadeQuery\01_LampshadeQuery.csproj", "{A64B5014-848C-4529-89EF-9B8C4343F097}"
EndProject
Project("{2150E333-8FDC-42A3-9474-1A3956D46DE8}") = "DicountManagment", "DicountManagment", "{88C5AAA5-72E5-4029-851F-23B229F828E7}"
EndProject
Project("{2150E333-8FDC-42A3-9474-1A3956D46DE8}") = "DM.Domain", "DM.Domain", "{47D902C6-70C4-44E0-B1EC-E43323B1BEDE}"
EndProject
Project("{2150E333-8FDC-42A3-9474-1A3956D46DE8}") = "DM.Application", "DM.Application", "{0AB23935-9A46-471B-A9A8-61D97F8156CA}"
EndProject
Project("{2150E333-8FDC-42A3-9474-1A3956D46DE8}") = "DM.Infrastructure", "DM.Infrastructure", "{D96A9ED0-D4FC-4FFB-9225-56A6C12A1C65}"
EndProject
Project("{9A19103F-16F7-4668-BE54-9A1E7A4F7556}") = "DiscountManagmengDomain", "DiscountManagmengDomain\DiscountManagmengDomain.csproj", "{535AC341-2F11-4552-BD10-F2E91B53D919}"
EndProject
Project("{9A19103F-16F7-4668-BE54-9A1E7A4F7556}") = "DiscountManagment.Application.Contract", "DiscountManagment.Application.Contract\DiscountManagment.Application.Contract.csproj", "{56301C49-D314-4FC4-9B41-79B3728FFC3A}"
EndProject
Project("{9A19103F-16F7-4668-BE54-9A1E7A4F7556}") = "DiscountManagment.Infrastructure.efCore", "DiscountManagment.Infrastructure.efCore\DiscountManagment.Infrastructure.efCore.csproj", "{326D98C8-73EA-45F8-8FC7-95AD6CED1FCE}"
EndProject
Project("{9A19103F-16F7-4668-BE54-9A1E7A4F7556}") = "DiscountManagment.Application", "DiscountManagment.Application\DiscountManagment.Application.csproj", "{F54D9949-786A-47C5-AE96-7F236FCDD236}"
EndProject
Project("{9A19103F-16F7-4668-BE54-9A1E7A4F7556}") = "DiscountManagment.Configurations", "DiscountManagment.Configurations\DiscountManagment.Configurations.csproj", "{F33267A1-660F-4838-AFA8-D6455117129B}"
EndProject
Project("{2150E333-8FDC-42A3-9474-1A3956D46DE8}") = "InventoryManagement", "InventoryManagement", "{F2919EE3-C631-4F02-930F-5144D62DAF34}"
EndProject
Project("{9A19103F-16F7-4668-BE54-9A1E7A4F7556}") = "InventoryManagement.Domain", "InventoryManagement.Domain\InventoryManagement.Domain.csproj", "{2BCA6485-84DD-489D-949F-AC4EB75C9499}"
EndProject
Project("{2150E333-8FDC-42A3-9474-1A3956D46DE8}") = "IM.Domain", "IM.Domain", "{079BFF7B-EFE6-4732-A5EE-86729D940ABA}"
EndProject
Project("{2150E333-8FDC-42A3-9474-1A3956D46DE8}") = "IM.Application", "IM.Application", "{911A2661-B83A-4702-8CCD-A37D1B6EEC14}"
EndProject
Project("{9A19103F-16F7-4668-BE54-9A1E7A4F7556}") = "InventoryManagement.Applicatopn.Contracts", "InventoryManagement.Applicatopn.Contracts\InventoryManagement.Applicatopn.Contracts.csproj", "{845AE121-1B72-4BDD-A1F9-F77F18587436}"
EndProject
Project("{2150E333-8FDC-42A3-9474-1A3956D46DE8}") = "IM.Infrastructure", "IM.Infrastructure", "{D0158C8A-9320-41CB-8586-B068776A9693}"
EndProject
Project("{9A19103F-16F7-4668-BE54-9A1E7A4F7556}") = "InventoryManagement.Infrastructure.efCore", "InventoryManagement.Infrastructure.efCore\InventoryManagement.Infrastructure.efCore.csproj", "{CE5D92BB-CC77-4464-876B-D3E5E27BC488}"
EndProject
Project("{9A19103F-16F7-4668-BE54-9A1E7A4F7556}") = "InventoryManagement.Configuration", "InventoryManagement.Configuration\InventoryManagement.Configuration.csproj", "{FAFD2A16-D377-4FED-9AC6-EE3D73AA2E25}"
EndProject
Project("{9A19103F-16F7-4668-BE54-9A1E7A4F7556}") = "InventoryManagementApplication", "InventoryManagementApplication\InventoryManagementApplication.csproj", "{698EE702-B0B4-45A0-A4E7-F9A231068E15}"
EndProject
Global
	GlobalSection(SolutionConfigurationPlatforms) = preSolution
		Debug|Any CPU = Debug|Any CPU
		Release|Any CPU = Release|Any CPU
	EndGlobalSection
	GlobalSection(ProjectConfigurationPlatforms) = postSolution
		{CBBA6A2E-813A-44B5-9076-58ABC3A82C81}.Debug|Any CPU.ActiveCfg = Debug|Any CPU
		{CBBA6A2E-813A-44B5-9076-58ABC3A82C81}.Debug|Any CPU.Build.0 = Debug|Any CPU
		{CBBA6A2E-813A-44B5-9076-58ABC3A82C81}.Release|Any CPU.ActiveCfg = Release|Any CPU
		{CBBA6A2E-813A-44B5-9076-58ABC3A82C81}.Release|Any CPU.Build.0 = Release|Any CPU
		{5A598A54-D169-4D18-AC88-6C99A1C775DF}.Debug|Any CPU.ActiveCfg = Debug|Any CPU
		{5A598A54-D169-4D18-AC88-6C99A1C775DF}.Debug|Any CPU.Build.0 = Debug|Any CPU
		{5A598A54-D169-4D18-AC88-6C99A1C775DF}.Release|Any CPU.ActiveCfg = Release|Any CPU
		{5A598A54-D169-4D18-AC88-6C99A1C775DF}.Release|Any CPU.Build.0 = Release|Any CPU
		{078EF1AB-A4F1-48F4-9C2F-8BCAC577A168}.Debug|Any CPU.ActiveCfg = Debug|Any CPU
		{078EF1AB-A4F1-48F4-9C2F-8BCAC577A168}.Debug|Any CPU.Build.0 = Debug|Any CPU
		{078EF1AB-A4F1-48F4-9C2F-8BCAC577A168}.Release|Any CPU.ActiveCfg = Release|Any CPU
		{078EF1AB-A4F1-48F4-9C2F-8BCAC577A168}.Release|Any CPU.Build.0 = Release|Any CPU
		{4D64CF1B-7A93-453F-AFE0-0ED092A0106C}.Debug|Any CPU.ActiveCfg = Debug|Any CPU
		{4D64CF1B-7A93-453F-AFE0-0ED092A0106C}.Debug|Any CPU.Build.0 = Debug|Any CPU
		{4D64CF1B-7A93-453F-AFE0-0ED092A0106C}.Release|Any CPU.ActiveCfg = Release|Any CPU
		{4D64CF1B-7A93-453F-AFE0-0ED092A0106C}.Release|Any CPU.Build.0 = Release|Any CPU
		{822F347E-4512-4A1E-ADB6-2B9D5B22D4AA}.Debug|Any CPU.ActiveCfg = Debug|Any CPU
		{822F347E-4512-4A1E-ADB6-2B9D5B22D4AA}.Debug|Any CPU.Build.0 = Debug|Any CPU
		{822F347E-4512-4A1E-ADB6-2B9D5B22D4AA}.Release|Any CPU.ActiveCfg = Release|Any CPU
		{822F347E-4512-4A1E-ADB6-2B9D5B22D4AA}.Release|Any CPU.Build.0 = Release|Any CPU
		{3FD38D56-C5D0-4254-AF03-FAA612A90948}.Debug|Any CPU.ActiveCfg = Debug|Any CPU
		{3FD38D56-C5D0-4254-AF03-FAA612A90948}.Debug|Any CPU.Build.0 = Debug|Any CPU
		{3FD38D56-C5D0-4254-AF03-FAA612A90948}.Release|Any CPU.ActiveCfg = Release|Any CPU
		{3FD38D56-C5D0-4254-AF03-FAA612A90948}.Release|Any CPU.Build.0 = Release|Any CPU
		{72A692A0-FF92-4494-AA07-9FBC337A6FE5}.Debug|Any CPU.ActiveCfg = Debug|Any CPU
		{72A692A0-FF92-4494-AA07-9FBC337A6FE5}.Debug|Any CPU.Build.0 = Debug|Any CPU
		{72A692A0-FF92-4494-AA07-9FBC337A6FE5}.Release|Any CPU.ActiveCfg = Release|Any CPU
		{72A692A0-FF92-4494-AA07-9FBC337A6FE5}.Release|Any CPU.Build.0 = Release|Any CPU
		{A64B5014-848C-4529-89EF-9B8C4343F097}.Debug|Any CPU.ActiveCfg = Debug|Any CPU
		{A64B5014-848C-4529-89EF-9B8C4343F097}.Debug|Any CPU.Build.0 = Debug|Any CPU
		{A64B5014-848C-4529-89EF-9B8C4343F097}.Release|Any CPU.ActiveCfg = Release|Any CPU
		{A64B5014-848C-4529-89EF-9B8C4343F097}.Release|Any CPU.Build.0 = Release|Any CPU
		{535AC341-2F11-4552-BD10-F2E91B53D919}.Debug|Any CPU.ActiveCfg = Debug|Any CPU
		{535AC341-2F11-4552-BD10-F2E91B53D919}.Debug|Any CPU.Build.0 = Debug|Any CPU
		{535AC341-2F11-4552-BD10-F2E91B53D919}.Release|Any CPU.ActiveCfg = Release|Any CPU
		{535AC341-2F11-4552-BD10-F2E91B53D919}.Release|Any CPU.Build.0 = Release|Any CPU
		{56301C49-D314-4FC4-9B41-79B3728FFC3A}.Debug|Any CPU.ActiveCfg = Debug|Any CPU
		{56301C49-D314-4FC4-9B41-79B3728FFC3A}.Debug|Any CPU.Build.0 = Debug|Any CPU
		{56301C49-D314-4FC4-9B41-79B3728FFC3A}.Release|Any CPU.ActiveCfg = Release|Any CPU
		{56301C49-D314-4FC4-9B41-79B3728FFC3A}.Release|Any CPU.Build.0 = Release|Any CPU
		{326D98C8-73EA-45F8-8FC7-95AD6CED1FCE}.Debug|Any CPU.ActiveCfg = Debug|Any CPU
		{326D98C8-73EA-45F8-8FC7-95AD6CED1FCE}.Debug|Any CPU.Build.0 = Debug|Any CPU
		{326D98C8-73EA-45F8-8FC7-95AD6CED1FCE}.Release|Any CPU.ActiveCfg = Release|Any CPU
		{326D98C8-73EA-45F8-8FC7-95AD6CED1FCE}.Release|Any CPU.Build.0 = Release|Any CPU
		{F54D9949-786A-47C5-AE96-7F236FCDD236}.Debug|Any CPU.ActiveCfg = Debug|Any CPU
		{F54D9949-786A-47C5-AE96-7F236FCDD236}.Debug|Any CPU.Build.0 = Debug|Any CPU
		{F54D9949-786A-47C5-AE96-7F236FCDD236}.Release|Any CPU.ActiveCfg = Release|Any CPU
		{F54D9949-786A-47C5-AE96-7F236FCDD236}.Release|Any CPU.Build.0 = Release|Any CPU
		{F33267A1-660F-4838-AFA8-D6455117129B}.Debug|Any CPU.ActiveCfg = Debug|Any CPU
		{F33267A1-660F-4838-AFA8-D6455117129B}.Debug|Any CPU.Build.0 = Debug|Any CPU
		{F33267A1-660F-4838-AFA8-D6455117129B}.Release|Any CPU.ActiveCfg = Release|Any CPU
		{F33267A1-660F-4838-AFA8-D6455117129B}.Release|Any CPU.Build.0 = Release|Any CPU
		{2BCA6485-84DD-489D-949F-AC4EB75C9499}.Debug|Any CPU.ActiveCfg = Debug|Any CPU
		{2BCA6485-84DD-489D-949F-AC4EB75C9499}.Debug|Any CPU.Build.0 = Debug|Any CPU
		{2BCA6485-84DD-489D-949F-AC4EB75C9499}.Release|Any CPU.ActiveCfg = Release|Any CPU
		{2BCA6485-84DD-489D-949F-AC4EB75C9499}.Release|Any CPU.Build.0 = Release|Any CPU
		{845AE121-1B72-4BDD-A1F9-F77F18587436}.Debug|Any CPU.ActiveCfg = Debug|Any CPU
		{845AE121-1B72-4BDD-A1F9-F77F18587436}.Debug|Any CPU.Build.0 = Debug|Any CPU
		{845AE121-1B72-4BDD-A1F9-F77F18587436}.Release|Any CPU.ActiveCfg = Release|Any CPU
		{845AE121-1B72-4BDD-A1F9-F77F18587436}.Release|Any CPU.Build.0 = Release|Any CPU
		{CE5D92BB-CC77-4464-876B-D3E5E27BC488}.Debug|Any CPU.ActiveCfg = Debug|Any CPU
		{CE5D92BB-CC77-4464-876B-D3E5E27BC488}.Debug|Any CPU.Build.0 = Debug|Any CPU
		{CE5D92BB-CC77-4464-876B-D3E5E27BC488}.Release|Any CPU.ActiveCfg = Release|Any CPU
		{CE5D92BB-CC77-4464-876B-D3E5E27BC488}.Release|Any CPU.Build.0 = Release|Any CPU
		{FAFD2A16-D377-4FED-9AC6-EE3D73AA2E25}.Debug|Any CPU.ActiveCfg = Debug|Any CPU
		{FAFD2A16-D377-4FED-9AC6-EE3D73AA2E25}.Debug|Any CPU.Build.0 = Debug|Any CPU
		{FAFD2A16-D377-4FED-9AC6-EE3D73AA2E25}.Release|Any CPU.ActiveCfg = Release|Any CPU
		{FAFD2A16-D377-4FED-9AC6-EE3D73AA2E25}.Release|Any CPU.Build.0 = Release|Any CPU
		{698EE702-B0B4-45A0-A4E7-F9A231068E15}.Debug|Any CPU.ActiveCfg = Debug|Any CPU
		{698EE702-B0B4-45A0-A4E7-F9A231068E15}.Debug|Any CPU.Build.0 = Debug|Any CPU
		{698EE702-B0B4-45A0-A4E7-F9A231068E15}.Release|Any CPU.ActiveCfg = Release|Any CPU
		{698EE702-B0B4-45A0-A4E7-F9A231068E15}.Release|Any CPU.Build.0 = Release|Any CPU
	EndGlobalSection
	GlobalSection(SolutionProperties) = preSolution
		HideSolutionNode = FALSE
	EndGlobalSection
	GlobalSection(NestedProjects) = preSolution
		{CE5F7027-D503-4A49-8E47-FBEB5F6647F5} = {3A51B11E-7E24-4B46-ADA1-1A588D261E2D}
		{020201D1-6B06-4F9C-8A10-C706A396F5FC} = {3A51B11E-7E24-4B46-ADA1-1A588D261E2D}
		{5A598A54-D169-4D18-AC88-6C99A1C775DF} = {CE5F7027-D503-4A49-8E47-FBEB5F6647F5}
		{078EF1AB-A4F1-48F4-9C2F-8BCAC577A168} = {020201D1-6B06-4F9C-8A10-C706A396F5FC}
		{4D64CF1B-7A93-453F-AFE0-0ED092A0106C} = {020201D1-6B06-4F9C-8A10-C706A396F5FC}
		{68003FA3-53CF-4E61-A182-3B20B8960C45} = {3A51B11E-7E24-4B46-ADA1-1A588D261E2D}
		{822F347E-4512-4A1E-ADB6-2B9D5B22D4AA} = {68003FA3-53CF-4E61-A182-3B20B8960C45}
		{3FD38D56-C5D0-4254-AF03-FAA612A90948} = {68003FA3-53CF-4E61-A182-3B20B8960C45}
		{47D902C6-70C4-44E0-B1EC-E43323B1BEDE} = {88C5AAA5-72E5-4029-851F-23B229F828E7}
		{0AB23935-9A46-471B-A9A8-61D97F8156CA} = {88C5AAA5-72E5-4029-851F-23B229F828E7}
		{D96A9ED0-D4FC-4FFB-9225-56A6C12A1C65} = {88C5AAA5-72E5-4029-851F-23B229F828E7}
		{535AC341-2F11-4552-BD10-F2E91B53D919} = {47D902C6-70C4-44E0-B1EC-E43323B1BEDE}
		{56301C49-D314-4FC4-9B41-79B3728FFC3A} = {0AB23935-9A46-471B-A9A8-61D97F8156CA}
		{326D98C8-73EA-45F8-8FC7-95AD6CED1FCE} = {D96A9ED0-D4FC-4FFB-9225-56A6C12A1C65}
		{F54D9949-786A-47C5-AE96-7F236FCDD236} = {0AB23935-9A46-471B-A9A8-61D97F8156CA}
		{F33267A1-660F-4838-AFA8-D6455117129B} = {D96A9ED0-D4FC-4FFB-9225-56A6C12A1C65}
		{2BCA6485-84DD-489D-949F-AC4EB75C9499} = {079BFF7B-EFE6-4732-A5EE-86729D940ABA}
		{079BFF7B-EFE6-4732-A5EE-86729D940ABA} = {F2919EE3-C631-4F02-930F-5144D62DAF34}
		{911A2661-B83A-4702-8CCD-A37D1B6EEC14} = {F2919EE3-C631-4F02-930F-5144D62DAF34}
		{845AE121-1B72-4BDD-A1F9-F77F18587436} = {911A2661-B83A-4702-8CCD-A37D1B6EEC14}
		{D0158C8A-9320-41CB-8586-B068776A9693} = {F2919EE3-C631-4F02-930F-5144D62DAF34}
		{CE5D92BB-CC77-4464-876B-D3E5E27BC488} = {D0158C8A-9320-41CB-8586-B068776A9693}
		{FAFD2A16-D377-4FED-9AC6-EE3D73AA2E25} = {D0158C8A-9320-41CB-8586-B068776A9693}
		{698EE702-B0B4-45A0-A4E7-F9A231068E15} = {911A2661-B83A-4702-8CCD-A37D1B6EEC14}
	EndGlobalSection
	GlobalSection(ExtensibilityGlobals) = postSolution
		SolutionGuid = {CBC32762-EDD2-45BE-8863-386970492D02}
	EndGlobalSection
EndGlobal
